// !$*UTF8*$!
{
	archiveVersion = 1;
	classes = {
	};
	objectVersion = 77;
	objects = {

/* Begin PBXContainerItemProxy section */
		1BE183542EBB836C00F2A1EB /* PBXContainerItemProxy */ = {
			isa = PBXContainerItemProxy;
			containerPortal = 1BE183352EBB836A00F2A1EB /* Project object */;
			proxyType = 1;
			remoteGlobalIDString = 1BE1833C2EBB836A00F2A1EB;
			remoteInfo = Azamat_MusicPlayer;
		};
		1BE1835E2EBB836C00F2A1EB /* PBXContainerItemProxy */ = {
			isa = PBXContainerItemProxy;
			containerPortal = 1BE183352EBB836A00F2A1EB /* Project object */;
			proxyType = 1;
			remoteGlobalIDString = 1BE1833C2EBB836A00F2A1EB;
			remoteInfo = Azamat_MusicPlayer;
		};
/* End PBXContainerItemProxy section */

/* Begin PBXFileReference section */
		1BE1833D2EBB836A00F2A1EB /* Azamat_MusicPlayer.app */ = {isa = PBXFileReference; explicitFileType = wrapper.application; includeInIndex = 0; path = Azamat_MusicPlayer.app; sourceTree = BUILT_PRODUCTS_DIR; };
		1BE183532EBB836C00F2A1EB /* Azamat_MusicPlayerTests.xctest */ = {isa = PBXFileReference; explicitFileType = wrapper.cfbundle; includeInIndex = 0; path = Azamat_MusicPlayerTests.xctest; sourceTree = BUILT_PRODUCTS_DIR; };
		1BE1835D2EBB836C00F2A1EB /* Azamat_MusicPlayerUITests.xctest */ = {isa = PBXFileReference; explicitFileType = wrapper.cfbundle; includeInIndex = 0; path = Azamat_MusicPlayerUITests.xctest; sourceTree = BUILT_PRODUCTS_DIR; };
/* End PBXFileReference section */

/* Begin PBXFileSystemSynchronizedBuildFileExceptionSet section */
		1BE183652EBB836C00F2A1EB /* Exceptions for "Azamat_MusicPlayer" folder in "Azamat_MusicPlayer" target */ = {
			isa = PBXFileSystemSynchronizedBuildFileExceptionSet;
			membershipExceptions = (
				Info.plist,
			);
			target = 1BE1833C2EBB836A00F2A1EB /* Azamat_MusicPlayer */;
		};
/* End PBXFileSystemSynchronizedBuildFileExceptionSet section */

/* Begin PBXFileSystemSynchronizedRootGroup section */
		1BE1833F2EBB836A00F2A1EB /* Azamat_MusicPlayer */ = {
			isa = PBXFileSystemSynchronizedRootGroup;
			exceptions = (
				1BE183652EBB836C00F2A1EB /* Exceptions for "Azamat_MusicPlayer" folder in "Azamat_MusicPlayer" target */,
			);
			path = Azamat_MusicPlayer;
			sourceTree = "<group>";
		};
		1BE183562EBB836C00F2A1EB /* Azamat_MusicPlayerTests */ = {
			isa = PBXFileSystemSynchronizedRootGroup;
			path = Azamat_MusicPlayerTests;
			sourceTree = "<group>";
		};
		1BE183602EBB836C00F2A1EB /* Azamat_MusicPlayerUITests */ = {
			isa = PBXFileSystemSynchronizedRootGroup;
			path = Azamat_MusicPlayerUITests;
			sourceTree = "<group>";
		};
/* End PBXFileSystemSynchronizedRootGroup section */

/* Begin PBXFrameworksBuildPhase section */
		1BE1833A2EBB836A00F2A1EB /* Frameworks */ = {
			isa = PBXFrameworksBuildPhase;
			buildActionMask = 2147483647;
			files = (
			);
			runOnlyForDeploymentPostprocessing = 0;
		};
		1BE183502EBB836C00F2A1EB /* Frameworks */ = {
			isa = PBXFrameworksBuildPhase;
			buildActionMask = 2147483647;
			files = (
			);
			runOnlyForDeploymentPostprocessing = 0;
		};
		1BE1835A2EBB836C00F2A1EB /* Frameworks */ = {
			isa = PBXFrameworksBuildPhase;
			buildActionMask = 2147483647;
			files = (
			);
			runOnlyForDeploymentPostprocessing = 0;
		};
/* End PBXFrameworksBuildPhase section */

/* Begin PBXGroup section */
		1BE183342EBB836A00F2A1EB = {
			isa = PBXGroup;
			children = (
				1BE1833F2EBB836A00F2A1EB /* Azamat_MusicPlayer */,
				1BE183562EBB836C00F2A1EB /* Azamat_MusicPlayerTests */,
				1BE183602EBB836C00F2A1EB /* Azamat_MusicPlayerUITests */,
				1BE1833E2EBB836A00F2A1EB /* Products */,
			);
			sourceTree = "<group>";
		};
		1BE1833E2EBB836A00F2A1EB /* Products */ = {
			isa = PBXGroup;
			children = (
				1BE1833D2EBB836A00F2A1EB /* Azamat_MusicPlayer.app */,
				1BE183532EBB836C00F2A1EB /* Azamat_MusicPlayerTests.xctest */,
				1BE1835D2EBB836C00F2A1EB /* Azamat_MusicPlayerUITests.xctest */,
			);
			name = Products;
			sourceTree = "<group>";
		};
/* End PBXGroup section */

/* Begin PBXNativeTarget section */
		1BE1833C2EBB836A00F2A1EB /* Azamat_MusicPlayer */ = {
			isa = PBXNativeTarget;
			buildConfigurationList = 1BE183662EBB836C00F2A1EB /* Build configuration list for PBXNativeTarget "Azamat_MusicPlayer" */;
			buildPhases = (
				1BE183392EBB836A00F2A1EB /* Sources */,
				1BE1833A2EBB836A00F2A1EB /* Frameworks */,
				1BE1833B2EBB836A00F2A1EB /* Resources */,
			);
			buildRules = (
			);
			dependencies = (
			);
			fileSystemSynchronizedGroups = (
				1BE1833F2EBB836A00F2A1EB /* Azamat_MusicPlayer */,
			);
			name = Azamat_MusicPlayer;
			packageProductDependencies = (
			);
			productName = Azamat_MusicPlayer;
			productReference = 1BE1833D2EBB836A00F2A1EB /* Azamat_MusicPlayer.app */;
			productType = "com.apple.product-type.application";
		};
		1BE183522EBB836C00F2A1EB /* Azamat_MusicPlayerTests */ = {
			isa = PBXNativeTarget;
			buildConfigurationList = 1BE1836B2EBB836C00F2A1EB /* Build configuration list for PBXNativeTarget "Azamat_MusicPlayerTests" */;
			buildPhases = (
				1BE1834F2EBB836C00F2A1EB /* Sources */,
				1BE183502EBB836C00F2A1EB /* Frameworks */,
				1BE183512EBB836C00F2A1EB /* Resources */,
			);
			buildRules = (
			);
			dependencies = (
				1BE183552EBB836C00F2A1EB /* PBXTargetDependency */,
			);
			fileSystemSynchronizedGroups = (
				1BE183562EBB836C00F2A1EB /* Azamat_MusicPlayerTests */,
			);
			name = Azamat_MusicPlayerTests;
			packageProductDependencies = (
			);
			productName = Azamat_MusicPlayerTests;
			productReference = 1BE183532EBB836C00F2A1EB /* Azamat_MusicPlayerTests.xctest */;
			productType = "com.apple.product-type.bundle.unit-test";
		};
		1BE1835C2EBB836C00F2A1EB /* Azamat_MusicPlayerUITests */ = {
			isa = PBXNativeTarget;
			buildConfigurationList = 1BE1836E2EBB836C00F2A1EB /* Build configuration list for PBXNativeTarget "Azamat_MusicPlayerUITests" */;
			buildPhases = (
				1BE183592EBB836C00F2A1EB /* Sources */,
				1BE1835A2EBB836C00F2A1EB /* Frameworks */,
				1BE1835B2EBB836C00F2A1EB /* Resources */,
			);
			buildRules = (
			);
			dependencies = (
				1BE1835F2EBB836C00F2A1EB /* PBXTargetDependency */,
			);
			fileSystemSynchronizedGroups = (
				1BE183602EBB836C00F2A1EB /* Azamat_MusicPlayerUITests */,
			);
			name = Azamat_MusicPlayerUITests;
			packageProductDependencies = (
			);
			productName = Azamat_MusicPlayerUITests;
			productReference = 1BE1835D2EBB836C00F2A1EB /* Azamat_MusicPlayerUITests.xctest */;
			productType = "com.apple.product-type.bundle.ui-testing";
		};
/* End PBXNativeTarget section */

/* Begin PBXProject section */
		1BE183352EBB836A00F2A1EB /* Project object */ = {
			isa = PBXProject;
			attributes = {
				BuildIndependentTargetsInParallel = 1;
				LastSwiftUpdateCheck = 1620;
				LastUpgradeCheck = 1620;
				TargetAttributes = {
					1BE1833C2EBB836A00F2A1EB = {
						CreatedOnToolsVersion = 16.2;
					};
					1BE183522EBB836C00F2A1EB = {
						CreatedOnToolsVersion = 16.2;
						TestTargetID = 1BE1833C2EBB836A00F2A1EB;
					};
					1BE1835C2EBB836C00F2A1EB = {
						CreatedOnToolsVersion = 16.2;
						TestTargetID = 1BE1833C2EBB836A00F2A1EB;
					};
				};
			};
			buildConfigurationList = 1BE183382EBB836A00F2A1EB /* Build configuration list for PBXProject "Azamat_MusicPlayer" */;
			developmentRegion = en;
			hasScannedForEncodings = 0;
			knownRegions = (
				en,
				Base,
			);
			mainGroup = 1BE183342EBB836A00F2A1EB;
			minimizedProjectReferenceProxies = 1;
			preferredProjectObjectVersion = 77;
			productRefGroup = 1BE1833E2EBB836A00F2A1EB /* Products */;
			projectDirPath = "";
			projectRoot = "";
			targets = (
				1BE1833C2EBB836A00F2A1EB /* Azamat_MusicPlayer */,
				1BE183522EBB836C00F2A1EB /* Azamat_MusicPlayerTests */,
				1BE1835C2EBB836C00F2A1EB /* Azamat_MusicPlayerUITests */,
			);
		};
/* End PBXProject section */

/* Begin PBXResourcesBuildPhase section */
		1BE1833B2EBB836A00F2A1EB /* Resources */ = {
			isa = PBXResourcesBuildPhase;
			buildActionMask = 2147483647;
			files = (
			);
			runOnlyForDeploymentPostprocessing = 0;
		};
		1BE183512EBB836C00F2A1EB /* Resources */ = {
			isa = PBXResourcesBuildPhase;
			buildActionMask = 2147483647;
			files = (
			);
			runOnlyForDeploymentPostprocessing = 0;
		};
		1BE1835B2EBB836C00F2A1EB /* Resources */ = {
			isa = PBXResourcesBuildPhase;
			buildActionMask = 2147483647;
			files = (
			);
			runOnlyForDeploymentPostprocessing = 0;
		};
/* End PBXResourcesBuildPhase section */

/* Begin PBXSourcesBuildPhase section */
		1BE183392EBB836A00F2A1EB /* Sources */ = {
			isa = PBXSourcesBuildPhase;
			buildActionMask = 2147483647;
			files = (
			);
			runOnlyForDeploymentPostprocessing = 0;
		};
		1BE1834F2EBB836C00F2A1EB /* Sources */ = {
			isa = PBXSourcesBuildPhase;
			buildActionMask = 2147483647;
			files = (
			);
			runOnlyForDeploymentPostprocessing = 0;
		};
		1BE183592EBB836C00F2A1EB /* Sources */ = {
			isa = PBXSourcesBuildPhase;
			buildActionMask = 2147483647;
			files = (
			);
			runOnlyForDeploymentPostprocessing = 0;
		};
/* End PBXSourcesBuildPhase section */

/* Begin PBXTargetDependency section */
		1BE183552EBB836C00F2A1EB /* PBXTargetDependency */ = {
			isa = PBXTargetDependency;
			target = 1BE1833C2EBB836A00F2A1EB /* Azamat_MusicPlayer */;
			targetProxy = 1BE183542EBB836C00F2A1EB /* PBXContainerItemProxy */;
		};
		1BE1835F2EBB836C00F2A1EB /* PBXTargetDependency */ = {
			isa = PBXTargetDependency;
			target = 1BE1833C2EBB836A00F2A1EB /* Azamat_MusicPlayer */;
			targetProxy = 1BE1835E2EBB836C00F2A1EB /* PBXContainerItemProxy */;
		};
/* End PBXTargetDependency section */

/* Begin XCBuildConfiguration section */
		1BE183672EBB836C00F2A1EB /* Debug */ = {
			isa = XCBuildConfiguration;
			buildSettings = {
				ASSETCATALOG_COMPILER_APPICON_NAME = AppIcon;
				ASSETCATALOG_COMPILER_GLOBAL_ACCENT_COLOR_NAME = AccentColor;
				CODE_SIGN_STYLE = Automatic;
				CURRENT_PROJECT_VERSION = 1;
				GENERATE_INFOPLIST_FILE = YES;
				INFOPLIST_FILE = Azamat_MusicPlayer/Info.plist;
				INFOPLIST_KEY_UIApplicationSupportsIndirectInputEvents = YES;
				INFOPLIST_KEY_UILaunchStoryboardName = LaunchScreen;
				INFOPLIST_KEY_UIMainStoryboardFile = Main;
				INFOPLIST_KEY_UISupportedInterfaceOrientations_iPad = "UIInterfaceOrientationPortrait UIInterfaceOrientationPortraitUpsideDown UIInterfaceOrientationLandscapeLeft UIInterfaceOrientationLandscapeRight";
				INFOPLIST_KEY_UISupportedInterfaceOrientations_iPhone = "UIInterfaceOrientationPortrait UIInterfaceOrientationLandscapeLeft UIInterfaceOrientationLandscapeRight";
				LD_RUNPATH_SEARCH_PATHS = (
					"$(inherited)",
					"@executable_path/Frameworks",
				);
				MARKETING_VERSION = 1.0;
				PRODUCT_BUNDLE_IDENTIFIER = "com.example.Azamat-MusicPlayer";
				PRODUCT_NAME = "$(TARGET_NAME)";
				SWIFT_EMIT_LOC_STRINGS = YES;
				SWIFT_VERSION = 5.0;
				TARGETED_DEVICE_FAMILY = "1,2";
			};
			name = Debug;
		};
		1BE183682EBB836C00F2A1EB /* Release */ = {
			isa = XCBuildConfiguration;
			buildSettings = {
				ASSETCATALOG_COMPILER_APPICON_NAME = AppIcon;
				ASSETCATALOG_COMPILER_GLOBAL_ACCENT_COLOR_NAME = AccentColor;
				CODE_SIGN_STYLE = Automatic;
				CURRENT_PROJECT_VERSION = 1;
				GENERATE_INFOPLIST_FILE = YES;
				INFOPLIST_FILE = Azamat_MusicPlayer/Info.plist;
				INFOPLIST_KEY_UIApplicationSupportsIndirectInputEvents = YES;
				INFOPLIST_KEY_UILaunchStoryboardName = LaunchScreen;
				INFOPLIST_KEY_UIMainStoryboardFile = Main;
				INFOPLIST_KEY_UISupportedInterfaceOrientations_iPad = "UIInterfaceOrientationPortrait UIInterfaceOrientationPortraitUpsideDown UIInterfaceOrientationLandscapeLeft UIInterfaceOrientationLandscapeRight";
				INFOPLIST_KEY_UISupportedInterfaceOrientations_iPhone = "UIInterfaceOrientationPortrait UIInterfaceOrientationLandscapeLeft UIInterfaceOrientationLandscapeRight";
				LD_RUNPATH_SEARCH_PATHS = (
					"$(inherited)",
					"@executable_path/Frameworks",
				);
				MARKETING_VERSION = 1.0;
				PRODUCT_BUNDLE_IDENTIFIER = "com.example.Azamat-MusicPlayer";
				PRODUCT_NAME = "$(TARGET_NAME)";
				SWIFT_EMIT_LOC_STRINGS = YES;
				SWIFT_VERSION = 5.0;
				TARGETED_DEVICE_FAMILY = "1,2";
			};
			name = Release;
		};
		1BE183692EBB836C00F2A1EB /* Debug */ = {
			isa = XCBuildConfiguration;
			buildSettings = {
				ALWAYS_SEARCH_USER_PATHS = NO;
				ASSETCATALOG_COMPILER_GENERATE_SWIFT_ASSET_SYMBOL_EXTENSIONS = YES;
				CLANG_ANALYZER_NONNULL = YES;
				CLANG_ANALYZER_NUMBER_OBJECT_CONVERSION = YES_AGGRESSIVE;
				CLANG_CXX_LANGUAGE_STANDARD = "gnu++20";
				CLANG_ENABLE_MODULES = YES;
				CLANG_ENABLE_OBJC_ARC = YES;
				CLANG_ENABLE_OBJC_WEAK = YES;
				CLANG_WARN_BLOCK_CAPTURE_AUTORELEASING = YES;
				CLANG_WARN_BOOL_CONVERSION = YES;
				CLANG_WARN_COMMA = YES;
				CLANG_WARN_CONSTANT_CONVERSION = YES;
				CLANG_WARN_DEPRECATED_OBJC_IMPLEMENTATIONS = YES;
				CLANG_WARN_DIRECT_OBJC_ISA_USAGE = YES_ERROR;
				CLANG_WARN_DOCUMENTATION_COMMENTS = YES;
				CLANG_WARN_EMPTY_BODY = YES;
				CLANG_WARN_ENUM_CONVERSION = YES;
				CLANG_WARN_INFINITE_RECURSION = YES;
				CLANG_WARN_INT_CONVERSION = YES;
				CLANG_WARN_NON_LITERAL_NULL_CONVERSION = YES;
				CLANG_WARN_OBJC_IMPLICIT_RETAIN_SELF = YES;
				CLANG_WARN_OBJC_LITERAL_CONVERSION = YES;
				CLANG_WARN_OBJC_ROOT_CLASS = YES_ERROR;
				CLANG_WARN_QUOTED_INCLUDE_IN_FRAMEWORK_HEADER = YES;
				CLANG_WARN_RANGE_LOOP_ANALYSIS = YES;
				CLANG_WARN_STRICT_PROTOTYPES = YES;
				CLANG_WARN_SUSPICIOUS_MOVE = YES;
				CLANG_WARN_UNGUARDED_AVAILABILITY = YES_AGGRESSIVE;
				CLANG_WARN_UNREACHABLE_CODE = YES;
				CLANG_WARN__DUPLICATE_METHOD_MATCH = YES;
				COPY_PHASE_STRIP = NO;
				DEBUG_INFORMATION_FORMAT = dwarf;
				ENABLE_STRICT_OBJC_MSGSEND = YES;
				ENABLE_TESTABILITY = YES;
				ENABLE_USER_SCRIPT_SANDBOXING = YES;
				GCC_C_LANGUAGE_STANDARD = gnu17;
				GCC_DYNAMIC_NO_PIC = NO;
				GCC_NO_COMMON_BLOCKS = YES;
				GCC_OPTIMIZATION_LEVEL = 0;
				GCC_PREPROCESSOR_DEFINITIONS = (
					"DEBUG=1",
					"$(inherited)",
				);
				GCC_WARN_64_TO_32_BIT_CONVERSION = YES;
				GCC_WARN_ABOUT_RETURN_TYPE = YES_ERROR;
				GCC_WARN_UNDECLARED_SELECTOR = YES;
				GCC_WARN_UNINITIALIZED_AUTOS = YES_AGGRESSIVE;
				GCC_WARN_UNUSED_FUNCTION = YES;
				GCC_WARN_UNUSED_VARIABLE = YES;
				IPHONEOS_DEPLOYMENT_TARGET = 18.2;
				LOCALIZATION_PREFERS_STRING_CATALOGS = YES;
				MTL_ENABLE_DEBUG_INFO = INCLUDE_SOURCE;
				MTL_FAST_MATH = YES;
				ONLY_ACTIVE_ARCH = YES;
				SDKROOT = iphoneos;
				SWIFT_ACTIVE_COMPILATION_CONDITIONS = "DEBUG $(inherited)";
				SWIFT_OPTIMIZATION_LEVEL = "-Onone";
			};
			name = Debug;
		};
		1BE1836A2EBB836C00F2A1EB /* Release */ = {
			isa = XCBuildConfiguration;
			buildSettings = {
				ALWAYS_SEARCH_USER_PATHS = NO;
				ASSETCATALOG_COMPILER_GENERATE_SWIFT_ASSET_SYMBOL_EXTENSIONS = YES;
				CLANG_ANALYZER_NONNULL = YES;
				CLANG_ANALYZER_NUMBER_OBJECT_CONVERSION = YES_AGGRESSIVE;
				CLANG_CXX_LANGUAGE_STANDARD = "gnu++20";
				CLANG_ENABLE_MODULES = YES;
				CLANG_ENABLE_OBJC_ARC = YES;
				CLANG_ENABLE_OBJC_WEAK = YES;
				CLANG_WARN_BLOCK_CAPTURE_AUTORELEASING = YES;
				CLANG_WARN_BOOL_CONVERSION = YES;
				CLANG_WARN_COMMA = YES;
				CLANG_WARN_CONSTANT_CONVERSION = YES;
				CLANG_WARN_DEPRECATED_OBJC_IMPLEMENTATIONS = YES;
				CLANG_WARN_DIRECT_OBJC_ISA_USAGE = YES_ERROR;
				CLANG_WARN_DOCUMENTATION_COMMENTS = YES;
				CLANG_WARN_EMPTY_BODY = YES;
				CLANG_WARN_ENUM_CONVERSION = YES;
				CLANG_WARN_INFINITE_RECURSION = YES;
				CLANG_WARN_INT_CONVERSION = YES;
				CLANG_WARN_NON_LITERAL_NULL_CONVERSION = YES;
				CLANG_WARN_OBJC_IMPLICIT_RETAIN_SELF = YES;
				CLANG_WARN_OBJC_LITERAL_CONVERSION = YES;
				CLANG_WARN_OBJC_ROOT_CLASS = YES_ERROR;
				CLANG_WARN_QUOTED_INCLUDE_IN_FRAMEWORK_HEADER = YES;
				CLANG_WARN_RANGE_LOOP_ANALYSIS = YES;
				CLANG_WARN_STRICT_PROTOTYPES = YES;
				CLANG_WARN_SUSPICIOUS_MOVE = YES;
				CLANG_WARN_UNGUARDED_AVAILABILITY = YES_AGGRESSIVE;
				CLANG_WARN_UNREACHABLE_CODE = YES;
				CLANG_WARN__DUPLICATE_METHOD_MATCH = YES;
				COPY_PHASE_STRIP = NO;
				DEBUG_INFORMATION_FORMAT = "dwarf-with-dsym";
				ENABLE_NS_ASSERTIONS = NO;
				ENABLE_STRICT_OBJC_MSGSEND = YES;
				ENABLE_USER_SCRIPT_SANDBOXING = YES;
				GCC_C_LANGUAGE_STANDARD = gnu17;
				GCC_NO_COMMON_BLOCKS = YES;
				GCC_WARN_64_TO_32_BIT_CONVERSION = YES;
				GCC_WARN_ABOUT_RETURN_TYPE = YES_ERROR;
				GCC_WARN_UNDECLARED_SELECTOR = YES;
				GCC_WARN_UNINITIALIZED_AUTOS = YES_AGGRESSIVE;
				GCC_WARN_UNUSED_FUNCTION = YES;
				GCC_WARN_UNUSED_VARIABLE = YES;
				IPHONEOS_DEPLOYMENT_TARGET = 18.2;
				LOCALIZATION_PREFERS_STRING_CATALOGS = YES;
				MTL_ENABLE_DEBUG_INFO = NO;
				MTL_FAST_MATH = YES;
				SDKROOT = iphoneos;
				SWIFT_COMPILATION_MODE = wholemodule;
				VALIDATE_PRODUCT = YES;
			};
			name = Release;
		};
		1BE1836C2EBB836C00F2A1EB /* Debug */ = {
			isa = XCBuildConfiguration;
			buildSettings = {
				BUNDLE_LOADER = "$(TEST_HOST)";
				CODE_SIGN_STYLE = Automatic;
				CURRENT_PROJECT_VERSION = 1;
				GENERATE_INFOPLIST_FILE = YES;
				IPHONEOS_DEPLOYMENT_TARGET = 18.2;
				MARKETING_VERSION = 1.0;
				PRODUCT_BUNDLE_IDENTIFIER = "com.example.Azamat-MusicPlayerTests";
				PRODUCT_NAME = "$(TARGET_NAME)";
				SWIFT_EMIT_LOC_STRINGS = NO;
				SWIFT_VERSION = 5.0;
				TARGETED_DEVICE_FAMILY = "1,2";
				TEST_HOST = "$(BUILT_PRODUCTS_DIR)/Azamat_MusicPlayer.app/$(BUNDLE_EXECUTABLE_FOLDER_PATH)/Azamat_MusicPlayer";
			};
			name = Debug;
		};
		1BE1836D2EBB836C00F2A1EB /* Release */ = {
			isa = XCBuildConfiguration;
			buildSettings = {
				BUNDLE_LOADER = "$(TEST_HOST)";
				CODE_SIGN_STYLE = Automatic;
				CURRENT_PROJECT_VERSION = 1;
				GENERATE_INFOPLIST_FILE = YES;
				IPHONEOS_DEPLOYMENT_TARGET = 18.2;
				MARKETING_VERSION = 1.0;
				PRODUCT_BUNDLE_IDENTIFIER = "com.example.Azamat-MusicPlayerTests";
				PRODUCT_NAME = "$(TARGET_NAME)";
				SWIFT_EMIT_LOC_STRINGS = NO;
				SWIFT_VERSION = 5.0;
				TARGETED_DEVICE_FAMILY = "1,2";
				TEST_HOST = "$(BUILT_PRODUCTS_DIR)/Azamat_MusicPlayer.app/$(BUNDLE_EXECUTABLE_FOLDER_PATH)/Azamat_MusicPlayer";
			};
			name = Release;
		};
		1BE1836F2EBB836C00F2A1EB /* Debug */ = {
			isa = XCBuildConfiguration;
			buildSettings = {
				CODE_SIGN_STYLE = Automatic;
				CURRENT_PROJECT_VERSION = 1;
				GENERATE_INFOPLIST_FILE = YES;
				MARKETING_VERSION = 1.0;
				PRODUCT_BUNDLE_IDENTIFIER = "com.example.Azamat-MusicPlayerUITests";
				PRODUCT_NAME = "$(TARGET_NAME)";
				SWIFT_EMIT_LOC_STRINGS = NO;
				SWIFT_VERSION = 5.0;
				TARGETED_DEVICE_FAMILY = "1,2";
				TEST_TARGET_NAME = Azamat_MusicPlayer;
			};
			name = Debug;
		};
		1BE183702EBB836C00F2A1EB /* Release */ = {
			isa = XCBuildConfiguration;
			buildSettings = {
				CODE_SIGN_STYLE = Automatic;
				CURRENT_PROJECT_VERSION = 1;
				GENERATE_INFOPLIST_FILE = YES;
				MARKETING_VERSION = 1.0;
				PRODUCT_BUNDLE_IDENTIFIER = "com.example.Azamat-MusicPlayerUITests";
				PRODUCT_NAME = "$(TARGET_NAME)";
				SWIFT_EMIT_LOC_STRINGS = NO;
				SWIFT_VERSION = 5.0;
				TARGETED_DEVICE_FAMILY = "1,2";
				TEST_TARGET_NAME = Azamat_MusicPlayer;
			};
			name = Release;
		};
/* End XCBuildConfiguration section */

/* Begin XCConfigurationList section */
		1BE183382EBB836A00F2A1EB /* Build configuration list for PBXProject "Azamat_MusicPlayer" */ = {
			isa = XCConfigurationList;
			buildConfigurations = (
				1BE183692EBB836C00F2A1EB /* Debug */,
				1BE1836A2EBB836C00F2A1EB /* Release */,
			);
			defaultConfigurationIsVisible = 0;
			defaultConfigurationName = Release;
		};
		1BE183662EBB836C00F2A1EB /* Build configuration list for PBXNativeTarget "Azamat_MusicPlayer" */ = {
			isa = XCConfigurationList;
			buildConfigurations = (
				1BE183672EBB836C00F2A1EB /* Debug */,
				1BE183682EBB836C00F2A1EB /* Release */,
			);
			defaultConfigurationIsVisible = 0;
			defaultConfigurationName = Release;
		};
		1BE1836B2EBB836C00F2A1EB /* Build configuration list for PBXNativeTarget "Azamat_MusicPlayerTests" */ = {
			isa = XCConfigurationList;
			buildConfigurations = (
				1BE1836C2EBB836C00F2A1EB /* Debug */,
				1BE1836D2EBB836C00F2A1EB /* Release */,
			);
			defaultConfigurationIsVisible = 0;
			defaultConfigurationName = Release;
		};
		1BE1836E2EBB836C00F2A1EB /* Build configuration list for PBXNativeTarget "Azamat_MusicPlayerUITests" */ = {
			isa = XCConfigurationList;
			buildConfigurations = (
				1BE1836F2EBB836C00F2A1EB /* Debug */,
				1BE183702EBB836C00F2A1EB /* Release */,
			);
			defaultConfigurationIsVisible = 0;
			defaultConfigurationName = Release;
		};
/* End XCConfigurationList section */
	};
	rootObject = 1BE183352EBB836A00F2A1EB /* Project object */;
}
